
Microsoft Visual Studio Solution File, Format Version 12.00
# Visual Studio Version 17
VisualStudioVersion = 17.5.33516.290
MinimumVisualStudioVersion = 10.0.40219.1
Project("{FAE04EC0-301F-11D3-BF4B-00C04F79EFBC}") = "MangoRPG-APP", "MangoRPG-APP.csproj", "{C92FF257-645F-4EEB-A2D0-12E463E8DB12}"
EndProject
Global
	GlobalSection(SolutionConfigurationPlatforms) = preSolution
		Debug|Any CPU = Debug|Any CPU
		Release|Any CPU = Release|Any CPU
	EndGlobalSection
	GlobalSection(ProjectConfigurationPlatforms) = postSolution
		{C92FF257-645F-4EEB-A2D0-12E463E8DB12}.Debug|Any CPU.ActiveCfg = Debug|Any CPU
		{C92FF257-645F-4EEB-A2D0-12E463E8DB12}.Debug|Any CPU.Build.0 = Debug|Any CPU
		{C92FF257-645F-4EEB-A2D0-12E463E8DB12}.Release|Any CPU.ActiveCfg = Release|Any CPU
		{C92FF257-645F-4EEB-A2D0-12E463E8DB12}.Release|Any CPU.Build.0 = Release|Any CPU
	EndGlobalSection
	GlobalSection(SolutionProperties) = preSolution
		HideSolutionNode = FALSE
	EndGlobalSection
	GlobalSection(ExtensibilityGlobals) = postSolution
		SolutionGuid = {0C0553F8-6657-46DB-B9C1-33C66FF60C37}
	EndGlobalSection
EndGlobal
